// !$*UTF8*$!
{
	archiveVersion = 1;
	classes = {
	};
	objectVersion = 50;
	objects = {

/* Begin PBXBuildFile section */
		A231C5A92133B93B0089C2C5 /* SearchResultCell.swift in Sources */ = {isa = PBXBuildFile; fileRef = A231C5A82133B93B0089C2C5 /* SearchResultCell.swift */; };
		A231C5AB2133CFC00089C2C5 /* SearchViewController.swift in Sources */ = {isa = PBXBuildFile; fileRef = A231C5AA2133CFC00089C2C5 /* SearchViewController.swift */; };
		A24207BA211EA7220043EC15 /* ThumbnailsGirdViewController.swift in Sources */ = {isa = PBXBuildFile; fileRef = A24207B9211EA7220043EC15 /* ThumbnailsGirdViewController.swift */; };
		A25D527C20FCC9AB00FB7B0F /* AppDelegate.swift in Sources */ = {isa = PBXBuildFile; fileRef = A25D527B20FCC9AB00FB7B0F /* AppDelegate.swift */; };
		A25D527E20FCC9AB00FB7B0F /* BookViewController.swift in Sources */ = {isa = PBXBuildFile; fileRef = A25D527D20FCC9AB00FB7B0F /* BookViewController.swift */; };
		A25D528320FCC9AC00FB7B0F /* Assets.xcassets in Resources */ = {isa = PBXBuildFile; fileRef = A25D528220FCC9AC00FB7B0F /* Assets.xcassets */; };
		A25D528620FCC9AC00FB7B0F /* LaunchScreen.storyboard in Resources */ = {isa = PBXBuildFile; fileRef = A25D528420FCC9AC00FB7B0F /* LaunchScreen.storyboard */; };
		A25DF1DF212FD27A00AF5464 /* BookmarkViewController.swift in Sources */ = {isa = PBXBuildFile; fileRef = A25DF1DE212FD27A00AF5464 /* BookmarkViewController.swift */; };
		A284B878212C68A0000CAEC7 /* OutlineCell.swift in Sources */ = {isa = PBXBuildFile; fileRef = A284B877212C68A0000CAEC7 /* OutlineCell.swift */; };
		A284B87A212C6CA6000CAEC7 /* OutlineViewController.swift in Sources */ = {isa = PBXBuildFile; fileRef = A284B879212C6CA6000CAEC7 /* OutlineViewController.swift */; };
		A286ECA521391907007DB849 /* AppearanceViewController.swift in Sources */ = {isa = PBXBuildFile; fileRef = A286ECA421391907007DB849 /* AppearanceViewController.swift */; };
		A2ADF87F211366A300EE7B95 /* Sample.pdf in Resources */ = {isa = PBXBuildFile; fileRef = A2ADF87E211366A300EE7B95 /* Sample.pdf */; };
		A2EEABC421230A8E006D614F /* ThumbnailGridCell.swift in Sources */ = {isa = PBXBuildFile; fileRef = A2EEABC321230A8E006D614F /* ThumbnailGridCell.swift */; };
/* End PBXBuildFile section */

/* Begin PBXFileReference section */
		A231C5A82133B93B0089C2C5 /* SearchResultCell.swift */ = {isa = PBXFileReference; lastKnownFileType = sourcecode.swift; path = SearchResultCell.swift; sourceTree = "<group>"; };
		A231C5AA2133CFC00089C2C5 /* SearchViewController.swift */ = {isa = PBXFileReference; lastKnownFileType = sourcecode.swift; path = SearchViewController.swift; sourceTree = "<group>"; };
		A24207B9211EA7220043EC15 /* ThumbnailsGirdViewController.swift */ = {isa = PBXFileReference; lastKnownFileType = sourcecode.swift; path = ThumbnailsGirdViewController.swift; sourceTree = "<group>"; };
		A25D527820FCC9AB00FB7B0F /* ReedPDFFile.app */ = {isa = PBXFileReference; explicitFileType = wrapper.application; includeInIndex = 0; path = ReedPDFFile.app; sourceTree = BUILT_PRODUCTS_DIR; };
		A25D527B20FCC9AB00FB7B0F /* AppDelegate.swift */ = {isa = PBXFileReference; lastKnownFileType = sourcecode.swift; path = AppDelegate.swift; sourceTree = "<group>"; };
		A25D527D20FCC9AB00FB7B0F /* BookViewController.swift */ = {isa = PBXFileReference; lastKnownFileType = sourcecode.swift; path = BookViewController.swift; sourceTree = "<group>"; };
		A25D528220FCC9AC00FB7B0F /* Assets.xcassets */ = {isa = PBXFileReference; lastKnownFileType = folder.assetcatalog; path = Assets.xcassets; sourceTree = "<group>"; };
		A25D528520FCC9AC00FB7B0F /* Base */ = {isa = PBXFileReference; lastKnownFileType = file.storyboard; name = Base; path = Base.lproj/LaunchScreen.storyboard; sourceTree = "<group>"; };
		A25D528720FCC9AC00FB7B0F /* Info.plist */ = {isa = PBXFileReference; lastKnownFileType = text.plist.xml; path = Info.plist; sourceTree = "<group>"; };
		A25DF1DE212FD27A00AF5464 /* BookmarkViewController.swift */ = {isa = PBXFileReference; lastKnownFileType = sourcecode.swift; path = BookmarkViewController.swift; sourceTree = "<group>"; };
		A284B877212C68A0000CAEC7 /* OutlineCell.swift */ = {isa = PBXFileReference; lastKnownFileType = sourcecode.swift; path = OutlineCell.swift; sourceTree = "<group>"; };
		A284B879212C6CA6000CAEC7 /* OutlineViewController.swift */ = {isa = PBXFileReference; lastKnownFileType = sourcecode.swift; path = OutlineViewController.swift; sourceTree = "<group>"; };
		A286ECA421391907007DB849 /* AppearanceViewController.swift */ = {isa = PBXFileReference; lastKnownFileType = sourcecode.swift; path = AppearanceViewController.swift; sourceTree = "<group>"; };
		A2ADF87E211366A300EE7B95 /* Sample.pdf */ = {isa = PBXFileReference; lastKnownFileType = image.pdf; path = Sample.pdf; sourceTree = "<group>"; };
		A2EEABC321230A8E006D614F /* ThumbnailGridCell.swift */ = {isa = PBXFileReference; lastKnownFileType = sourcecode.swift; path = ThumbnailGridCell.swift; sourceTree = "<group>"; };
/* End PBXFileReference section */

/* Begin PBXFrameworksBuildPhase section */
		A25D527520FCC9AB00FB7B0F /* Frameworks */ = {
			isa = PBXFrameworksBuildPhase;
			buildActionMask = 2147483647;
			files = (
			);
			runOnlyForDeploymentPostprocessing = 0;
		};
/* End PBXFrameworksBuildPhase section */

/* Begin PBXGroup section */
		A25D526F20FCC9AB00FB7B0F = {
			isa = PBXGroup;
			children = (
				A25D527A20FCC9AB00FB7B0F /* ReadPDFFile */,
				A25D527920FCC9AB00FB7B0F /* Products */,
			);
			sourceTree = "<group>";
		};
		A25D527920FCC9AB00FB7B0F /* Products */ = {
			isa = PBXGroup;
			children = (
				A25D527820FCC9AB00FB7B0F /* ReedPDFFile.app */,
			);
			name = Products;
			sourceTree = "<group>";
		};
		A25D527A20FCC9AB00FB7B0F /* ReadPDFFile */ = {
			isa = PBXGroup;
			children = (
				A25D527B20FCC9AB00FB7B0F /* AppDelegate.swift */,
				A25D527D20FCC9AB00FB7B0F /* BookViewController.swift */,
				A25D528220FCC9AC00FB7B0F /* Assets.xcassets */,
				A25D528420FCC9AC00FB7B0F /* LaunchScreen.storyboard */,
				A25D528720FCC9AC00FB7B0F /* Info.plist */,
				A2ADF87E211366A300EE7B95 /* Sample.pdf */,
				A24207B9211EA7220043EC15 /* ThumbnailsGirdViewController.swift */,
				A2EEABC321230A8E006D614F /* ThumbnailGridCell.swift */,
				A284B877212C68A0000CAEC7 /* OutlineCell.swift */,
				A284B879212C6CA6000CAEC7 /* OutlineViewController.swift */,
				A25DF1DE212FD27A00AF5464 /* BookmarkViewController.swift */,
				A231C5A82133B93B0089C2C5 /* SearchResultCell.swift */,
				A231C5AA2133CFC00089C2C5 /* SearchViewController.swift */,
				A286ECA421391907007DB849 /* AppearanceViewController.swift */,
			);
			path = ReadPDFFile;
			sourceTree = "<group>";
		};
/* End PBXGroup section */

/* Begin PBXNativeTarget section */
		A25D527720FCC9AB00FB7B0F /* ReedPDFFile */ = {
			isa = PBXNativeTarget;
			buildConfigurationList = A25D528A20FCC9AC00FB7B0F /* Build configuration list for PBXNativeTarget "ReedPDFFile" */;
			buildPhases = (
				A25D527420FCC9AB00FB7B0F /* Sources */,
				A25D527520FCC9AB00FB7B0F /* Frameworks */,
				A25D527620FCC9AB00FB7B0F /* Resources */,
			);
			buildRules = (
			);
			dependencies = (
			);
			name = ReedPDFFile;
			productName = displayAndThumbnailsPDF;
			productReference = A25D527820FCC9AB00FB7B0F /* ReedPDFFile.app */;
			productType = "com.apple.product-type.application";
		};
/* End PBXNativeTarget section */

/* Begin PBXProject section */
		A25D527020FCC9AB00FB7B0F /* Project object */ = {
			isa = PBXProject;
			attributes = {
				LastSwiftUpdateCheck = 0940;
				LastUpgradeCheck = 0940;
				ORGANIZATIONNAME = LamHan;
				TargetAttributes = {
					A25D527720FCC9AB00FB7B0F = {
						CreatedOnToolsVersion = 9.4;
					};
				};
			};
			buildConfigurationList = A25D527320FCC9AB00FB7B0F /* Build configuration list for PBXProject "ReedPDFFile" */;
			compatibilityVersion = "Xcode 9.3";
			developmentRegion = en;
			hasScannedForEncodings = 0;
			knownRegions = (
				en,
				Base,
			);
			mainGroup = A25D526F20FCC9AB00FB7B0F;
			productRefGroup = A25D527920FCC9AB00FB7B0F /* Products */;
			projectDirPath = "";
			projectRoot = "";
			targets = (
				A25D527720FCC9AB00FB7B0F /* ReedPDFFile */,
			);
		};
/* End PBXProject section */

/* Begin PBXResourcesBuildPhase section */
		A25D527620FCC9AB00FB7B0F /* Resources */ = {
			isa = PBXResourcesBuildPhase;
			buildActionMask = 2147483647;
			files = (
				A25D528620FCC9AC00FB7B0F /* LaunchScreen.storyboard in Resources */,
				A25D528320FCC9AC00FB7B0F /* Assets.xcassets in Resources */,
				A2ADF87F211366A300EE7B95 /* Sample.pdf in Resources */,
			);
			runOnlyForDeploymentPostprocessing = 0;
		};
/* End PBXResourcesBuildPhase section */

/* Begin PBXSourcesBuildPhase section */
		A25D527420FCC9AB00FB7B0F /* Sources */ = {
			isa = PBXSourcesBuildPhase;
			buildActionMask = 2147483647;
			files = (
				A25D527E20FCC9AB00FB7B0F /* BookViewController.swift in Sources */,
				A284B87A212C6CA6000CAEC7 /* OutlineViewController.swift in Sources */,
				A286ECA521391907007DB849 /* AppearanceViewController.swift in Sources */,
				A24207BA211EA7220043EC15 /* ThumbnailsGirdViewController.swift in Sources */,
				A231C5AB2133CFC00089C2C5 /* SearchViewController.swift in Sources */,
				A25DF1DF212FD27A00AF5464 /* BookmarkViewController.swift in Sources */,
				A25D527C20FCC9AB00FB7B0F /* AppDelegate.swift in Sources */,
				A2EEABC421230A8E006D614F /* ThumbnailGridCell.swift in Sources */,
				A231C5A92133B93B0089C2C5 /* SearchResultCell.swift in Sources */,
				A284B878212C68A0000CAEC7 /* OutlineCell.swift in Sources */,
			);
			runOnlyForDeploymentPostprocessing = 0;
		};
/* End PBXSourcesBuildPhase section */

/* Begin PBXVariantGroup section */
		A25D528420FCC9AC00FB7B0F /* LaunchScreen.storyboard */ = {
			isa = PBXVariantGroup;
			children = (
				A25D528520FCC9AC00FB7B0F /* Base */,
			);
			name = LaunchScreen.storyboard;
			sourceTree = "<group>";
		};
/* End PBXVariantGroup section */

/* Begin XCBuildConfiguration section */
		A25D528820FCC9AC00FB7B0F /* Debug */ = {
			isa = XCBuildConfiguration;
			buildSettings = {
				ALWAYS_SEARCH_USER_PATHS = NO;
				CLANG_ANALYZER_NONNULL = YES;
				CLANG_ANALYZER_NUMBER_OBJECT_CONVERSION = YES_AGGRESSIVE;
				CLANG_CXX_LANGUAGE_STANDARD = "gnu++14";
				CLANG_CXX_LIBRARY = "libc++";
				CLANG_ENABLE_MODULES = YES;
				CLANG_ENABLE_OBJC_ARC = YES;
				CLANG_ENABLE_OBJC_WEAK = YES;
				CLANG_WARN_BLOCK_CAPTURE_AUTORELEASING = YES;
				CLANG_WARN_BOOL_CONVERSION = YES;
				CLANG_WARN_COMMA = YES;
				CLANG_WARN_CONSTANT_CONVERSION = YES;
				CLANG_WARN_DEPRECATED_OBJC_IMPLEMENTATIONS = YES;
				CLANG_WARN_DIRECT_OBJC_ISA_USAGE = YES_ERROR;
				CLANG_WARN_DOCUMENTATION_COMMENTS = YES;
				CLANG_WARN_EMPTY_BODY = YES;
				CLANG_WARN_ENUM_CONVERSION = YES;
				CLANG_WARN_INFINITE_RECURSION = YES;
				CLANG_WARN_INT_CONVERSION = YES;
				CLANG_WARN_NON_LITERAL_NULL_CONVERSION = YES;
				CLANG_WARN_OBJC_IMPLICIT_RETAIN_SELF = YES;
				CLANG_WARN_OBJC_LITERAL_CONVERSION = YES;
				CLANG_WARN_OBJC_ROOT_CLASS = YES_ERROR;
				CLANG_WARN_RANGE_LOOP_ANALYSIS = YES;
				CLANG_WARN_STRICT_PROTOTYPES = YES;
				CLANG_WARN_SUSPICIOUS_MOVE = YES;
				CLANG_WARN_UNGUARDED_AVAILABILITY = YES_AGGRESSIVE;
				CLANG_WARN_UNREACHABLE_CODE = YES;
				CLANG_WARN__DUPLICATE_METHOD_MATCH = YES;
				CODE_SIGN_IDENTITY = "iPhone Developer";
				COPY_PHASE_STRIP = NO;
				DEBUG_INFORMATION_FORMAT = dwarf;
				ENABLE_STRICT_OBJC_MSGSEND = YES;
				ENABLE_TESTABILITY = YES;
				GCC_C_LANGUAGE_STANDARD = gnu11;
				GCC_DYNAMIC_NO_PIC = NO;
				GCC_NO_COMMON_BLOCKS = YES;
				GCC_OPTIMIZATION_LEVEL = 0;
				GCC_PREPROCESSOR_DEFINITIONS = (
					"DEBUG=1",
					"$(inherited)",
				);
				GCC_WARN_64_TO_32_BIT_CONVERSION = YES;
				GCC_WARN_ABOUT_RETURN_TYPE = YES_ERROR;
				GCC_WARN_UNDECLARED_SELECTOR = YES;
				GCC_WARN_UNINITIALIZED_AUTOS = YES_AGGRESSIVE;
				GCC_WARN_UNUSED_FUNCTION = YES;
				GCC_WARN_UNUSED_VARIABLE = YES;
				IPHONEOS_DEPLOYMENT_TARGET = 11.4;
				MTL_ENABLE_DEBUG_INFO = YES;
				ONLY_ACTIVE_ARCH = YES;
				SDKROOT = iphoneos;
				SWIFT_ACTIVE_COMPILATION_CONDITIONS = DEBUG;
				SWIFT_OPTIMIZATION_LEVEL = "-Onone";
			};
			name = Debug;
		};
		A25D528920FCC9AC00FB7B0F /* Release */ = {
			isa = XCBuildConfiguration;
			buildSettings = {
				ALWAYS_SEARCH_USER_PATHS = NO;
				CLANG_ANALYZER_NONNULL = YES;
				CLANG_ANALYZER_NUMBER_OBJECT_CONVERSION = YES_AGGRESSIVE;
				CLANG_CXX_LANGUAGE_STANDARD = "gnu++14";
				CLANG_CXX_LIBRARY = "libc++";
				CLANG_ENABLE_MODULES = YES;
				CLANG_ENABLE_OBJC_ARC = YES;
				CLANG_ENABLE_OBJC_WEAK = YES;
				CLANG_WARN_BLOCK_CAPTURE_AUTORELEASING = YES;
				CLANG_WARN_BOOL_CONVERSION = YES;
				CLANG_WARN_COMMA = YES;
				CLANG_WARN_CONSTANT_CONVERSION = YES;
				CLANG_WARN_DEPRECATED_OBJC_IMPLEMENTATIONS = YES;
				CLANG_WARN_DIRECT_OBJC_ISA_USAGE = YES_ERROR;
				CLANG_WARN_DOCUMENTATION_COMMENTS = YES;
				CLANG_WARN_EMPTY_BODY = YES;
				CLANG_WARN_ENUM_CONVERSION = YES;
				CLANG_WARN_INFINITE_RECURSION = YES;
				CLANG_WARN_INT_CONVERSION = YES;
				CLANG_WARN_NON_LITERAL_NULL_CONVERSION = YES;
				CLANG_WARN_OBJC_IMPLICIT_RETAIN_SELF = YES;
				CLANG_WARN_OBJC_LITERAL_CONVERSION = YES;
				CLANG_WARN_OBJC_ROOT_CLASS = YES_ERROR;
				CLANG_WARN_RANGE_LOOP_ANALYSIS = YES;
				CLANG_WARN_STRICT_PROTOTYPES = YES;
				CLANG_WARN_SUSPICIOUS_MOVE = YES;
				CLANG_WARN_UNGUARDED_AVAILABILITY = YES_AGGRESSIVE;
				CLANG_WARN_UNREACHABLE_CODE = YES;
				CLANG_WARN__DUPLICATE_METHOD_MATCH = YES;
				CODE_SIGN_IDENTITY = "iPhone Developer";
				COPY_PHASE_STRIP = NO;
				DEBUG_INFORMATION_FORMAT = "dwarf-with-dsym";
				ENABLE_NS_ASSERTIONS = NO;
				ENABLE_STRICT_OBJC_MSGSEND = YES;
				GCC_C_LANGUAGE_STANDARD = gnu11;
				GCC_NO_COMMON_BLOCKS = YES;
				GCC_WARN_64_TO_32_BIT_CONVERSION = YES;
				GCC_WARN_ABOUT_RETURN_TYPE = YES_ERROR;
				GCC_WARN_UNDECLARED_SELECTOR = YES;
				GCC_WARN_UNINITIALIZED_AUTOS = YES_AGGRESSIVE;
				GCC_WARN_UNUSED_FUNCTION = YES;
				GCC_WARN_UNUSED_VARIABLE = YES;
				IPHONEOS_DEPLOYMENT_TARGET = 11.4;
				MTL_ENABLE_DEBUG_INFO = NO;
				SDKROOT = iphoneos;
				SWIFT_COMPILATION_MODE = wholemodule;
				SWIFT_OPTIMIZATION_LEVEL = "-O";
				VALIDATE_PRODUCT = YES;
			};
			name = Release;
		};
		A25D528B20FCC9AC00FB7B0F /* Debug */ = {
			isa = XCBuildConfiguration;
			buildSettings = {
				ASSETCATALOG_COMPILER_APPICON_NAME = AppIcon;
				CODE_SIGN_STYLE = Automatic;
				DEVELOPMENT_TEAM = UHL2C4FVF6;
				INFOPLIST_FILE = ReadPDFFile/Info.plist;
				LD_RUNPATH_SEARCH_PATHS = (
					"$(inherited)",
					"@executable_path/Frameworks",
				);
				PRODUCT_BUNDLE_IDENTIFIER = com.LamHan.ReadPDFFile;
				PRODUCT_NAME = "$(TARGET_NAME)";
				SWIFT_VERSION = 4.0;
				TARGETED_DEVICE_FAMILY = "1,2";
			};
			name = Debug;
		};
		A25D528C20FCC9AC00FB7B0F /* Release */ = {
			isa = XCBuildConfiguration;
			buildSettings = {
				ASSETCATALOG_COMPILER_APPICON_NAME = AppIcon;
				CODE_SIGN_STYLE = Automatic;
				DEVELOPMENT_TEAM = UHL2C4FVF6;
				INFOPLIST_FILE = ReadPDFFile/Info.plist;
				LD_RUNPATH_SEARCH_PATHS = (
					"$(inherited)",
					"@executable_path/Frameworks",
				);
				PRODUCT_BUNDLE_IDENTIFIER = com.LamHan.ReadPDFFile;
				PRODUCT_NAME = "$(TARGET_NAME)";
				SWIFT_VERSION = 4.0;
				TARGETED_DEVICE_FAMILY = "1,2";
			};
			name = Release;
		};
/* End XCBuildConfiguration section */

/* Begin XCConfigurationList section */
		A25D527320FCC9AB00FB7B0F /* Build configuration list for PBXProject "ReedPDFFile" */ = {
			isa = XCConfigurationList;
			buildConfigurations = (
				A25D528820FCC9AC00FB7B0F /* Debug */,
				A25D528920FCC9AC00FB7B0F /* Release */,
			);
			defaultConfigurationIsVisible = 0;
			defaultConfigurationName = Release;
		};
		A25D528A20FCC9AC00FB7B0F /* Build configuration list for PBXNativeTarget "ReedPDFFile" */ = {
			isa = XCConfigurationList;
			buildConfigurations = (
				A25D528B20FCC9AC00FB7B0F /* Debug */,
				A25D528C20FCC9AC00FB7B0F /* Release */,
			);
			defaultConfigurationIsVisible = 0;
			defaultConfigurationName = Release;
		};
/* End XCConfigurationList section */
	};
	rootObject = A25D527020FCC9AB00FB7B0F /* Project object */;
}
